
Microsoft Visual Studio Solution File, Format Version 12.00
# Visual Studio Version 17
VisualStudioVersion = 17.4.33205.214
MinimumVisualStudioVersion = 10.0.40219.1
Project("{FAE04EC0-301F-11D3-BF4B-00C04F79EFBC}") = "TicTacToe", "TicTacToe\TicTacToe.csproj", "{2F01466E-0980-4E6E-B894-4B5E59B4AE57}"
EndProject
Global
	GlobalSection(SolutionConfigurationPlatforms) = preSolution
		Debug|Any CPU = Debug|Any CPU
		Release|Any CPU = Release|Any CPU
	EndGlobalSection
	GlobalSection(ProjectConfigurationPlatforms) = postSolution
		{2F01466E-0980-4E6E-B894-4B5E59B4AE57}.Debug|Any CPU.ActiveCfg = Debug|Any CPU
		{2F01466E-0980-4E6E-B894-4B5E59B4AE57}.Debug|Any CPU.Build.0 = Debug|Any CPU
		{2F01466E-0980-4E6E-B894-4B5E59B4AE57}.Release|Any CPU.ActiveCfg = Release|Any CPU
		{2F01466E-0980-4E6E-B894-4B5E59B4AE57}.Release|Any CPU.Build.0 = Release|Any CPU
	EndGlobalSection
	GlobalSection(SolutionProperties) = preSolution
		HideSolutionNode = FALSE
	EndGlobalSection
	GlobalSection(ExtensibilityGlobals) = postSolution
		SolutionGuid = {339AF00A-76FB-4FF1-96AF-227E70CF1EBE}
	EndGlobalSection
EndGlobal
